// !$*UTF8*$!
{
	archiveVersion = 1;
	classes = {
	};
	objectVersion = 77;
	objects = {

/* Begin PBXContainerItemProxy section */
		BB377B062CA091D300212F9F /* PBXContainerItemProxy */ = {
			isa = PBXContainerItemProxy;
			containerPortal = BB377AE72CA091CD00212F9F /* Project object */;
			proxyType = 1;
			remoteGlobalIDString = BB377AEE2CA091CD00212F9F;
			remoteInfo = FlappyGPT;
		};
		BB377B102CA091D300212F9F /* PBXContainerItemProxy */ = {
			isa = PBXContainerItemProxy;
			containerPortal = BB377AE72CA091CD00212F9F /* Project object */;
			proxyType = 1;
			remoteGlobalIDString = BB377AEE2CA091CD00212F9F;
			remoteInfo = FlappyGPT;
		};
/* End PBXContainerItemProxy section */

/* Begin PBXFileReference section */
		BB377AEF2CA091CD00212F9F /* YamaBird.app */ = {isa = PBXFileReference; explicitFileType = wrapper.application; includeInIndex = 0; path = YamaBird.app; sourceTree = BUILT_PRODUCTS_DIR; };
		BB377B052CA091D300212F9F /* YamaBirdTests.xctest */ = {isa = PBXFileReference; explicitFileType = wrapper.cfbundle; includeInIndex = 0; path = YamaBirdTests.xctest; sourceTree = BUILT_PRODUCTS_DIR; };
		BB377B0F2CA091D300212F9F /* YamaBirdUITests.xctest */ = {isa = PBXFileReference; explicitFileType = wrapper.cfbundle; includeInIndex = 0; path = YamaBirdUITests.xctest; sourceTree = BUILT_PRODUCTS_DIR; };
/* End PBXFileReference section */

/* Begin PBXFileSystemSynchronizedBuildFileExceptionSet section */
		BB377B172CA091D300212F9F /* Exceptions for "YamaBird" folder in "YamaBird" target */ = {
			isa = PBXFileSystemSynchronizedBuildFileExceptionSet;
			membershipExceptions = (
				Info.plist,
			);
			target = BB377AEE2CA091CD00212F9F /* YamaBird */;
		};
/* End PBXFileSystemSynchronizedBuildFileExceptionSet section */

/* Begin PBXFileSystemSynchronizedRootGroup section */
		BB377AF12CA091CD00212F9F /* YamaBird */ = {
			isa = PBXFileSystemSynchronizedRootGroup;
			exceptions = (
				BB377B172CA091D300212F9F /* Exceptions for "YamaBird" folder in "YamaBird" target */,
			);
			path = YamaBird;
			sourceTree = "<group>";
		};
		BB377B082CA091D300212F9F /* YamaBirdTests */ = {
			isa = PBXFileSystemSynchronizedRootGroup;
			path = YamaBirdTests;
			sourceTree = "<group>";
		};
		BB377B122CA091D300212F9F /* YamaBirdUITests */ = {
			isa = PBXFileSystemSynchronizedRootGroup;
			path = YamaBirdUITests;
			sourceTree = "<group>";
		};
/* End PBXFileSystemSynchronizedRootGroup section */

/* Begin PBXFrameworksBuildPhase section */
		BB377AEC2CA091CD00212F9F /* Frameworks */ = {
			isa = PBXFrameworksBuildPhase;
			buildActionMask = 2147483647;
			files = (
			);
			runOnlyForDeploymentPostprocessing = 0;
		};
		BB377B022CA091D300212F9F /* Frameworks */ = {
			isa = PBXFrameworksBuildPhase;
			buildActionMask = 2147483647;
			files = (
			);
			runOnlyForDeploymentPostprocessing = 0;
		};
		BB377B0C2CA091D300212F9F /* Frameworks */ = {
			isa = PBXFrameworksBuildPhase;
			buildActionMask = 2147483647;
			files = (
			);
			runOnlyForDeploymentPostprocessing = 0;
		};
/* End PBXFrameworksBuildPhase section */

/* Begin PBXGroup section */
		BB377AE62CA091CD00212F9F = {
			isa = PBXGroup;
			children = (
				BB377AF12CA091CD00212F9F /* YamaBird */,
				BB377B082CA091D300212F9F /* YamaBirdTests */,
				BB377B122CA091D300212F9F /* YamaBirdUITests */,
				BB377AF02CA091CD00212F9F /* Products */,
			);
			sourceTree = "<group>";
		};
		BB377AF02CA091CD00212F9F /* Products */ = {
			isa = PBXGroup;
			children = (
				BB377AEF2CA091CD00212F9F /* YamaBird.app */,
				BB377B052CA091D300212F9F /* YamaBirdTests.xctest */,
				BB377B0F2CA091D300212F9F /* YamaBirdUITests.xctest */,
			);
			name = Products;
			sourceTree = "<group>";
		};
/* End PBXGroup section */

/* Begin PBXNativeTarget section */
		BB377AEE2CA091CD00212F9F /* YamaBird */ = {
			isa = PBXNativeTarget;
			buildConfigurationList = BB377B182CA091D300212F9F /* Build configuration list for PBXNativeTarget "YamaBird" */;
			buildPhases = (
				BB377AEB2CA091CD00212F9F /* Sources */,
				BB377AEC2CA091CD00212F9F /* Frameworks */,
				BB377AED2CA091CD00212F9F /* Resources */,
			);
			buildRules = (
			);
			dependencies = (
			);
			fileSystemSynchronizedGroups = (
				BB377AF12CA091CD00212F9F /* YamaBird */,
			);
			name = YamaBird;
			packageProductDependencies = (
			);
			productName = FlappyGPT;
			productReference = BB377AEF2CA091CD00212F9F /* YamaBird.app */;
			productType = "com.apple.product-type.application";
		};
		BB377B042CA091D300212F9F /* YamaBirdTests */ = {
			isa = PBXNativeTarget;
			buildConfigurationList = BB377B1D2CA091D300212F9F /* Build configuration list for PBXNativeTarget "YamaBirdTests" */;
			buildPhases = (
				BB377B012CA091D300212F9F /* Sources */,
				BB377B022CA091D300212F9F /* Frameworks */,
				BB377B032CA091D300212F9F /* Resources */,
			);
			buildRules = (
			);
			dependencies = (
				BB377B072CA091D300212F9F /* PBXTargetDependency */,
			);
			fileSystemSynchronizedGroups = (
				BB377B082CA091D300212F9F /* YamaBirdTests */,
			);
			name = YamaBirdTests;
			packageProductDependencies = (
			);
			productName = FlappyGPTTests;
			productReference = BB377B052CA091D300212F9F /* YamaBirdTests.xctest */;
			productType = "com.apple.product-type.bundle.unit-test";
		};
		BB377B0E2CA091D300212F9F /* YamaBirdUITests */ = {
			isa = PBXNativeTarget;
			buildConfigurationList = BB377B202CA091D300212F9F /* Build configuration list for PBXNativeTarget "YamaBirdUITests" */;
			buildPhases = (
				BB377B0B2CA091D300212F9F /* Sources */,
				BB377B0C2CA091D300212F9F /* Frameworks */,
				BB377B0D2CA091D300212F9F /* Resources */,
			);
			buildRules = (
			);
			dependencies = (
				BB377B112CA091D300212F9F /* PBXTargetDependency */,
			);
			fileSystemSynchronizedGroups = (
				BB377B122CA091D300212F9F /* YamaBirdUITests */,
			);
			name = YamaBirdUITests;
			packageProductDependencies = (
			);
			productName = FlappyGPTUITests;
			productReference = BB377B0F2CA091D300212F9F /* YamaBirdUITests.xctest */;
			productType = "com.apple.product-type.bundle.ui-testing";
		};
/* End PBXNativeTarget section */

/* Begin PBXProject section */
		BB377AE72CA091CD00212F9F /* Project object */ = {
			isa = PBXProject;
			attributes = {
				BuildIndependentTargetsInParallel = 1;
				LastSwiftUpdateCheck = 1600;
				LastUpgradeCheck = 1600;
				TargetAttributes = {
					BB377AEE2CA091CD00212F9F = {
						CreatedOnToolsVersion = 16.0;
					};
					BB377B042CA091D300212F9F = {
						CreatedOnToolsVersion = 16.0;
						TestTargetID = BB377AEE2CA091CD00212F9F;
					};
					BB377B0E2CA091D300212F9F = {
						CreatedOnToolsVersion = 16.0;
						TestTargetID = BB377AEE2CA091CD00212F9F;
					};
				};
			};
			buildConfigurationList = BB377AEA2CA091CD00212F9F /* Build configuration list for PBXProject "YamaBird" */;
			developmentRegion = en;
			hasScannedForEncodings = 0;
			knownRegions = (
				en,
				Base,
			);
			mainGroup = BB377AE62CA091CD00212F9F;
			minimizedProjectReferenceProxies = 1;
			preferredProjectObjectVersion = 77;
			productRefGroup = BB377AF02CA091CD00212F9F /* Products */;
			projectDirPath = "";
			projectRoot = "";
			targets = (
				BB377AEE2CA091CD00212F9F /* YamaBird */,
				BB377B042CA091D300212F9F /* YamaBirdTests */,
				BB377B0E2CA091D300212F9F /* YamaBirdUITests */,
			);
		};
/* End PBXProject section */

/* Begin PBXResourcesBuildPhase section */
		BB377AED2CA091CD00212F9F /* Resources */ = {
			isa = PBXResourcesBuildPhase;
			buildActionMask = 2147483647;
			files = (
			);
			runOnlyForDeploymentPostprocessing = 0;
		};
		BB377B032CA091D300212F9F /* Resources */ = {
			isa = PBXResourcesBuildPhase;
			buildActionMask = 2147483647;
			files = (
			);
			runOnlyForDeploymentPostprocessing = 0;
		};
		BB377B0D2CA091D300212F9F /* Resources */ = {
			isa = PBXResourcesBuildPhase;
			buildActionMask = 2147483647;
			files = (
			);
			runOnlyForDeploymentPostprocessing = 0;
		};
/* End PBXResourcesBuildPhase section */

/* Begin PBXSourcesBuildPhase section */
		BB377AEB2CA091CD00212F9F /* Sources */ = {
			isa = PBXSourcesBuildPhase;
			buildActionMask = 2147483647;
			files = (
			);
			runOnlyForDeploymentPostprocessing = 0;
		};
		BB377B012CA091D300212F9F /* Sources */ = {
			isa = PBXSourcesBuildPhase;
			buildActionMask = 2147483647;
			files = (
			);
			runOnlyForDeploymentPostprocessing = 0;
		};
		BB377B0B2CA091D300212F9F /* Sources */ = {
			isa = PBXSourcesBuildPhase;
			buildActionMask = 2147483647;
			files = (
			);
			runOnlyForDeploymentPostprocessing = 0;
		};
/* End PBXSourcesBuildPhase section */

/* Begin PBXTargetDependency section */
		BB377B072CA091D300212F9F /* PBXTargetDependency */ = {
			isa = PBXTargetDependency;
			target = BB377AEE2CA091CD00212F9F /* YamaBird */;
			targetProxy = BB377B062CA091D300212F9F /* PBXContainerItemProxy */;
		};
		BB377B112CA091D300212F9F /* PBXTargetDependency */ = {
			isa = PBXTargetDependency;
			target = BB377AEE2CA091CD00212F9F /* YamaBird */;
			targetProxy = BB377B102CA091D300212F9F /* PBXContainerItemProxy */;
		};
/* End PBXTargetDependency section */

/* Begin XCBuildConfiguration section */
		BB377B192CA091D300212F9F /* Debug */ = {
			isa = XCBuildConfiguration;
			buildSettings = {
				ASSETCATALOG_COMPILER_APPICON_NAME = "App Icon";
				ASSETCATALOG_COMPILER_GLOBAL_ACCENT_COLOR_NAME = AccentColor;
				CODE_SIGN_STYLE = Automatic;
				CURRENT_PROJECT_VERSION = 1;
				DEVELOPMENT_TEAM = 28UB2385XT;
				GENERATE_INFOPLIST_FILE = YES;
				INFOPLIST_FILE = YamaBird/Info.plist;
				INFOPLIST_KEY_LSApplicationCategoryType = "public.app-category.games";
				INFOPLIST_KEY_UIApplicationSupportsIndirectInputEvents = YES;
				INFOPLIST_KEY_UILaunchStoryboardName = Main.storyboard;
				INFOPLIST_KEY_UIMainStoryboardFile = Main;
				INFOPLIST_KEY_UISupportedInterfaceOrientations = "UIInterfaceOrientationPortrait UIInterfaceOrientationPortraitUpsideDown";
				IPHONEOS_DEPLOYMENT_TARGET = 17.6;
				LD_RUNPATH_SEARCH_PATHS = (
					"$(inherited)",
					"@executable_path/Frameworks",
				);
				MARKETING_VERSION = 1.0;
				PRODUCT_BUNDLE_IDENTIFIER = yama.YamaBird;
				PRODUCT_NAME = "$(TARGET_NAME)";
				SWIFT_EMIT_LOC_STRINGS = YES;
				SWIFT_VERSION = 5.0;
				TARGETED_DEVICE_FAMILY = "1,2";
			};
			name = Debug;
		};
		BB377B1A2CA091D300212F9F /* Release */ = {
			isa = XCBuildConfiguration;
			buildSettings = {
				ASSETCATALOG_COMPILER_APPICON_NAME = "App Icon";
				ASSETCATALOG_COMPILER_GLOBAL_ACCENT_COLOR_NAME = AccentColor;
				CODE_SIGN_STYLE = Automatic;
				CURRENT_PROJECT_VERSION = 1;
				DEVELOPMENT_TEAM = 28UB2385XT;
				GENERATE_INFOPLIST_FILE = YES;
				INFOPLIST_FILE = YamaBird/Info.plist;
				INFOPLIST_KEY_LSApplicationCategoryType = "public.app-category.games";
				INFOPLIST_KEY_UIApplicationSupportsIndirectInputEvents = YES;
				INFOPLIST_KEY_UILaunchStoryboardName = Main.storyboard;
				INFOPLIST_KEY_UIMainStoryboardFile = Main;
				INFOPLIST_KEY_UISupportedInterfaceOrientations = "UIInterfaceOrientationPortrait UIInterfaceOrientationPortraitUpsideDown";
				IPHONEOS_DEPLOYMENT_TARGET = 17.6;
				LD_RUNPATH_SEARCH_PATHS = (
					"$(inherited)",
					"@executable_path/Frameworks",
				);
				MARKETING_VERSION = 1.0;
				PRODUCT_BUNDLE_IDENTIFIER = yama.YamaBird;
				PRODUCT_NAME = "$(TARGET_NAME)";
				SWIFT_EMIT_LOC_STRINGS = YES;
				SWIFT_VERSION = 5.0;
				TARGETED_DEVICE_FAMILY = "1,2";
			};
			name = Release;
		};
		BB377B1B2CA091D300212F9F /* Debug */ = {
			isa = XCBuildConfiguration;
			buildSettings = {
				ALWAYS_SEARCH_USER_PATHS = NO;
				ASSETCATALOG_COMPILER_GENERATE_SWIFT_ASSET_SYMBOL_EXTENSIONS = YES;
				CLANG_ANALYZER_NONNULL = YES;
				CLANG_ANALYZER_NUMBER_OBJECT_CONVERSION = YES_AGGRESSIVE;
				CLANG_CXX_LANGUAGE_STANDARD = "gnu++20";
				CLANG_ENABLE_MODULES = YES;
				CLANG_ENABLE_OBJC_ARC = YES;
				CLANG_ENABLE_OBJC_WEAK = YES;
				CLANG_WARN_BLOCK_CAPTURE_AUTORELEASING = YES;
				CLANG_WARN_BOOL_CONVERSION = YES;
				CLANG_WARN_COMMA = YES;
				CLANG_WARN_CONSTANT_CONVERSION = YES;
				CLANG_WARN_DEPRECATED_OBJC_IMPLEMENTATIONS = YES;
				CLANG_WARN_DIRECT_OBJC_ISA_USAGE = YES_ERROR;
				CLANG_WARN_DOCUMENTATION_COMMENTS = YES;
				CLANG_WARN_EMPTY_BODY = YES;
				CLANG_WARN_ENUM_CONVERSION = YES;
				CLANG_WARN_INFINITE_RECURSION = YES;
				CLANG_WARN_INT_CONVERSION = YES;
				CLANG_WARN_NON_LITERAL_NULL_CONVERSION = YES;
				CLANG_WARN_OBJC_IMPLICIT_RETAIN_SELF = YES;
				CLANG_WARN_OBJC_LITERAL_CONVERSION = YES;
				CLANG_WARN_OBJC_ROOT_CLASS = YES_ERROR;
				CLANG_WARN_QUOTED_INCLUDE_IN_FRAMEWORK_HEADER = YES;
				CLANG_WARN_RANGE_LOOP_ANALYSIS = YES;
				CLANG_WARN_STRICT_PROTOTYPES = YES;
				CLANG_WARN_SUSPICIOUS_MOVE = YES;
				CLANG_WARN_UNGUARDED_AVAILABILITY = YES_AGGRESSIVE;
				CLANG_WARN_UNREACHABLE_CODE = YES;
				CLANG_WARN__DUPLICATE_METHOD_MATCH = YES;
				COPY_PHASE_STRIP = NO;
				DEBUG_INFORMATION_FORMAT = dwarf;
				ENABLE_STRICT_OBJC_MSGSEND = YES;
				ENABLE_TESTABILITY = YES;
				ENABLE_USER_SCRIPT_SANDBOXING = YES;
				GCC_C_LANGUAGE_STANDARD = gnu17;
				GCC_DYNAMIC_NO_PIC = NO;
				GCC_NO_COMMON_BLOCKS = YES;
				GCC_OPTIMIZATION_LEVEL = 0;
				GCC_PREPROCESSOR_DEFINITIONS = (
					"DEBUG=1",
					"$(inherited)",
				);
				GCC_WARN_64_TO_32_BIT_CONVERSION = YES;
				GCC_WARN_ABOUT_RETURN_TYPE = YES_ERROR;
				GCC_WARN_UNDECLARED_SELECTOR = YES;
				GCC_WARN_UNINITIALIZED_AUTOS = YES_AGGRESSIVE;
				GCC_WARN_UNUSED_FUNCTION = YES;
				GCC_WARN_UNUSED_VARIABLE = YES;
				IPHONEOS_DEPLOYMENT_TARGET = 18.0;
				LOCALIZATION_PREFERS_STRING_CATALOGS = YES;
				MTL_ENABLE_DEBUG_INFO = INCLUDE_SOURCE;
				MTL_FAST_MATH = YES;
				ONLY_ACTIVE_ARCH = YES;
				SDKROOT = iphoneos;
				SWIFT_ACTIVE_COMPILATION_CONDITIONS = "DEBUG $(inherited)";
				SWIFT_OPTIMIZATION_LEVEL = "-Onone";
			};
			name = Debug;
		};
		BB377B1C2CA091D300212F9F /* Release */ = {
			isa = XCBuildConfiguration;
			buildSettings = {
				ALWAYS_SEARCH_USER_PATHS = NO;
				ASSETCATALOG_COMPILER_GENERATE_SWIFT_ASSET_SYMBOL_EXTENSIONS = YES;
				CLANG_ANALYZER_NONNULL = YES;
				CLANG_ANALYZER_NUMBER_OBJECT_CONVERSION = YES_AGGRESSIVE;
				CLANG_CXX_LANGUAGE_STANDARD = "gnu++20";
				CLANG_ENABLE_MODULES = YES;
				CLANG_ENABLE_OBJC_ARC = YES;
				CLANG_ENABLE_OBJC_WEAK = YES;
				CLANG_WARN_BLOCK_CAPTURE_AUTORELEASING = YES;
				CLANG_WARN_BOOL_CONVERSION = YES;
				CLANG_WARN_COMMA = YES;
				CLANG_WARN_CONSTANT_CONVERSION = YES;
				CLANG_WARN_DEPRECATED_OBJC_IMPLEMENTATIONS = YES;
				CLANG_WARN_DIRECT_OBJC_ISA_USAGE = YES_ERROR;
				CLANG_WARN_DOCUMENTATION_COMMENTS = YES;
				CLANG_WARN_EMPTY_BODY = YES;
				CLANG_WARN_ENUM_CONVERSION = YES;
				CLANG_WARN_INFINITE_RECURSION = YES;
				CLANG_WARN_INT_CONVERSION = YES;
				CLANG_WARN_NON_LITERAL_NULL_CONVERSION = YES;
				CLANG_WARN_OBJC_IMPLICIT_RETAIN_SELF = YES;
				CLANG_WARN_OBJC_LITERAL_CONVERSION = YES;
				CLANG_WARN_OBJC_ROOT_CLASS = YES_ERROR;
				CLANG_WARN_QUOTED_INCLUDE_IN_FRAMEWORK_HEADER = YES;
				CLANG_WARN_RANGE_LOOP_ANALYSIS = YES;
				CLANG_WARN_STRICT_PROTOTYPES = YES;
				CLANG_WARN_SUSPICIOUS_MOVE = YES;
				CLANG_WARN_UNGUARDED_AVAILABILITY = YES_AGGRESSIVE;
				CLANG_WARN_UNREACHABLE_CODE = YES;
				CLANG_WARN__DUPLICATE_METHOD_MATCH = YES;
				COPY_PHASE_STRIP = NO;
				DEBUG_INFORMATION_FORMAT = "dwarf-with-dsym";
				ENABLE_NS_ASSERTIONS = NO;
				ENABLE_STRICT_OBJC_MSGSEND = YES;
				ENABLE_USER_SCRIPT_SANDBOXING = YES;
				GCC_C_LANGUAGE_STANDARD = gnu17;
				GCC_NO_COMMON_BLOCKS = YES;
				GCC_WARN_64_TO_32_BIT_CONVERSION = YES;
				GCC_WARN_ABOUT_RETURN_TYPE = YES_ERROR;
				GCC_WARN_UNDECLARED_SELECTOR = YES;
				GCC_WARN_UNINITIALIZED_AUTOS = YES_AGGRESSIVE;
				GCC_WARN_UNUSED_FUNCTION = YES;
				GCC_WARN_UNUSED_VARIABLE = YES;
				IPHONEOS_DEPLOYMENT_TARGET = 18.0;
				LOCALIZATION_PREFERS_STRING_CATALOGS = YES;
				MTL_ENABLE_DEBUG_INFO = NO;
				MTL_FAST_MATH = YES;
				SDKROOT = iphoneos;
				SWIFT_COMPILATION_MODE = wholemodule;
				VALIDATE_PRODUCT = YES;
			};
			name = Release;
		};
		BB377B1E2CA091D300212F9F /* Debug */ = {
			isa = XCBuildConfiguration;
			buildSettings = {
				BUNDLE_LOADER = "$(TEST_HOST)";
				CODE_SIGN_STYLE = Automatic;
				CURRENT_PROJECT_VERSION = 1;
				DEVELOPMENT_TEAM = 28UB2385XT;
				GENERATE_INFOPLIST_FILE = YES;
				IPHONEOS_DEPLOYMENT_TARGET = 18.0;
				MARKETING_VERSION = 1.0;
				PRODUCT_BUNDLE_IDENTIFIER = yama.FlappyGPTTests;
				PRODUCT_NAME = "$(TARGET_NAME)";
				SWIFT_EMIT_LOC_STRINGS = NO;
				SWIFT_VERSION = 5.0;
				TARGETED_DEVICE_FAMILY = "1,2";
				TEST_HOST = "$(BUILT_PRODUCTS_DIR)/YamaBird.app/$(BUNDLE_EXECUTABLE_FOLDER_PATH)/YamaBird";
			};
			name = Debug;
		};
		BB377B1F2CA091D300212F9F /* Release */ = {
			isa = XCBuildConfiguration;
			buildSettings = {
				BUNDLE_LOADER = "$(TEST_HOST)";
				CODE_SIGN_STYLE = Automatic;
				CURRENT_PROJECT_VERSION = 1;
				DEVELOPMENT_TEAM = 28UB2385XT;
				GENERATE_INFOPLIST_FILE = YES;
				IPHONEOS_DEPLOYMENT_TARGET = 18.0;
				MARKETING_VERSION = 1.0;
				PRODUCT_BUNDLE_IDENTIFIER = yama.FlappyGPTTests;
				PRODUCT_NAME = "$(TARGET_NAME)";
				SWIFT_EMIT_LOC_STRINGS = NO;
				SWIFT_VERSION = 5.0;
				TARGETED_DEVICE_FAMILY = "1,2";
				TEST_HOST = "$(BUILT_PRODUCTS_DIR)/YamaBird.app/$(BUNDLE_EXECUTABLE_FOLDER_PATH)/YamaBird";
			};
			name = Release;
		};
		BB377B212CA091D300212F9F /* Debug */ = {
			isa = XCBuildConfiguration;
			buildSettings = {
				CODE_SIGN_STYLE = Automatic;
				CURRENT_PROJECT_VERSION = 1;
				DEVELOPMENT_TEAM = 28UB2385XT;
				GENERATE_INFOPLIST_FILE = YES;
				MARKETING_VERSION = 1.0;
				PRODUCT_BUNDLE_IDENTIFIER = yama.FlappyGPTUITests;
				PRODUCT_NAME = "$(TARGET_NAME)";
				SWIFT_EMIT_LOC_STRINGS = NO;
				SWIFT_VERSION = 5.0;
				TARGETED_DEVICE_FAMILY = "1,2";
				TEST_TARGET_NAME = FlappyGPT;
			};
			name = Debug;
		};
		BB377B222CA091D300212F9F /* Release */ = {
			isa = XCBuildConfiguration;
			buildSettings = {
				CODE_SIGN_STYLE = Automatic;
				CURRENT_PROJECT_VERSION = 1;
				DEVELOPMENT_TEAM = 28UB2385XT;
				GENERATE_INFOPLIST_FILE = YES;
				MARKETING_VERSION = 1.0;
				PRODUCT_BUNDLE_IDENTIFIER = yama.FlappyGPTUITests;
				PRODUCT_NAME = "$(TARGET_NAME)";
				SWIFT_EMIT_LOC_STRINGS = NO;
				SWIFT_VERSION = 5.0;
				TARGETED_DEVICE_FAMILY = "1,2";
				TEST_TARGET_NAME = FlappyGPT;
			};
			name = Release;
		};
/* End XCBuildConfiguration section */

/* Begin XCConfigurationList section */
		BB377AEA2CA091CD00212F9F /* Build configuration list for PBXProject "YamaBird" */ = {
			isa = XCConfigurationList;
			buildConfigurations = (
				BB377B1B2CA091D300212F9F /* Debug */,
				BB377B1C2CA091D300212F9F /* Release */,
			);
			defaultConfigurationIsVisible = 0;
			defaultConfigurationName = Release;
		};
		BB377B182CA091D300212F9F /* Build configuration list for PBXNativeTarget "YamaBird" */ = {
			isa = XCConfigurationList;
			buildConfigurations = (
				BB377B192CA091D300212F9F /* Debug */,
				BB377B1A2CA091D300212F9F /* Release */,
			);
			defaultConfigurationIsVisible = 0;
			defaultConfigurationName = Release;
		};
		BB377B1D2CA091D300212F9F /* Build configuration list for PBXNativeTarget "YamaBirdTests" */ = {
			isa = XCConfigurationList;
			buildConfigurations = (
				BB377B1E2CA091D300212F9F /* Debug */,
				BB377B1F2CA091D300212F9F /* Release */,
			);
			defaultConfigurationIsVisible = 0;
			defaultConfigurationName = Release;
		};
		BB377B202CA091D300212F9F /* Build configuration list for PBXNativeTarget "YamaBirdUITests" */ = {
			isa = XCConfigurationList;
			buildConfigurations = (
				BB377B212CA091D300212F9F /* Debug */,
				BB377B222CA091D300212F9F /* Release */,
			);
			defaultConfigurationIsVisible = 0;
			defaultConfigurationName = Release;
		};
/* End XCConfigurationList section */
	};
	rootObject = BB377AE72CA091CD00212F9F /* Project object */;
}
